
Microsoft Visual Studio Solution File, Format Version 12.00
# Visual Studio Version 16
VisualStudioVersion = 16.0.29403.142
MinimumVisualStudioVersion = 10.0.40219.1
Project("{FAE04EC0-301F-11D3-BF4B-00C04F79EFBC}") = "FormGenerator", "FormGenerator.csproj", "{F280D88B-0F66-416C-B7E9-C3FD9859E844}"
EndProject
Global
	GlobalSection(SolutionConfigurationPlatforms) = preSolution
		Debug|Any CPU = Debug|Any CPU
		Release|Any CPU = Release|Any CPU
	EndGlobalSection
	GlobalSection(ProjectConfigurationPlatforms) = postSolution
		{F280D88B-0F66-416C-B7E9-C3FD9859E844}.Debug|Any CPU.ActiveCfg = Debug|Any CPU
		{F280D88B-0F66-416C-B7E9-C3FD9859E844}.Debug|Any CPU.Build.0 = Debug|Any CPU
		{F280D88B-0F66-416C-B7E9-C3FD9859E844}.Release|Any CPU.ActiveCfg = Release|Any CPU
		{F280D88B-0F66-416C-B7E9-C3FD9859E844}.Release|Any CPU.Build.0 = Release|Any CPU
	EndGlobalSection
	GlobalSection(SolutionProperties) = preSolution
		HideSolutionNode = FALSE
	EndGlobalSection
	GlobalSection(ExtensibilityGlobals) = postSolution
		SolutionGuid = {1BDE2569-EB8A-4FC8-B9B0-DBF20FB2A68A}
	EndGlobalSection
EndGlobal
